{
  "sources": {
    "apt": {
      "locked_version": "2.3.8"
    },
    "build-essential": {
      "locked_version": "1.4.0"
    },
    "git": {
      "locked_version": "2.5.2"
    },
    "user": {
      "locked_version": "0.3.0"
    },
    "sudo": {
      "locked_version": "2.2.2"
    },
    "docker": {
      "locked_version": "0.31.0"
    },
    "aufs": {
      "locked_version": "0.1.1"
    },
    "lxc": {
      "locked_version": "1.1.8"
    },
    "dmg": {
      "locked_version": "1.1.0"
    },
    "yum": {
      "locked_version": "3.2.0"
    },
    "windows": {
      "locked_version": "1.10.0"
    },
    "chef_handler": {
      "locked_version": "1.1.4"
    },
    "runit": {
      "locked_version": "1.4.0"
    },
    "golang": {
      "locked_version": "1.1.1"
    },
    "homebrew": {
      "locked_version": "1.5.4"
    },
    "modules": {
      "locked_version": "0.1.2"
    },
    "sysctl": {
      "locked_version": "0.3.5"
    },
    "yum-epel": {
      "locked_version": "0.3.2"
    },
    "dpkg_autostart": {
      "locked_version": "0.1.10"
    }
  }
}
